
Microsoft Visual Studio Solution File, Format Version 12.00
# Visual Studio Version 16
VisualStudioVersion = 16.0.29509.3
MinimumVisualStudioVersion = 10.0.40219.1
Project("{FAE04EC0-301F-11D3-BF4B-00C04F79EFBC}") = "CountingOnes", "CountingOnes\CountingOnes.csproj", "{1D792617-7068-4E74-B9DE-9611C88A367F}"
EndProject
Global
	GlobalSection(SolutionConfigurationPlatforms) = preSolution
		Debug|Any CPU = Debug|Any CPU
		Release|Any CPU = Release|Any CPU
	EndGlobalSection
	GlobalSection(ProjectConfigurationPlatforms) = postSolution
		{1D792617-7068-4E74-B9DE-9611C88A367F}.Debug|Any CPU.ActiveCfg = Debug|Any CPU
		{1D792617-7068-4E74-B9DE-9611C88A367F}.Debug|Any CPU.Build.0 = Debug|Any CPU
		{1D792617-7068-4E74-B9DE-9611C88A367F}.Release|Any CPU.ActiveCfg = Release|Any CPU
		{1D792617-7068-4E74-B9DE-9611C88A367F}.Release|Any CPU.Build.0 = Release|Any CPU
	EndGlobalSection
	GlobalSection(SolutionProperties) = preSolution
		HideSolutionNode = FALSE
	EndGlobalSection
	GlobalSection(ExtensibilityGlobals) = postSolution
		SolutionGuid = {9147F1FE-8249-4487-A4A8-54C9A8378295}
	EndGlobalSection
EndGlobal
