
Microsoft Visual Studio Solution File, Format Version 12.00
# Visual Studio Version 16
VisualStudioVersion = 16.0.29509.3
MinimumVisualStudioVersion = 10.0.40219.1
Project("{FAE04EC0-301F-11D3-BF4B-00C04F79EFBC}") = "SwapTwoNumber", "SwapTwoNumber\SwapTwoNumber.csproj", "{513FB70B-9717-401D-8E9B-58FEE1C4E4F0}"
EndProject
Global
	GlobalSection(SolutionConfigurationPlatforms) = preSolution
		Debug|Any CPU = Debug|Any CPU
		Release|Any CPU = Release|Any CPU
	EndGlobalSection
	GlobalSection(ProjectConfigurationPlatforms) = postSolution
		{513FB70B-9717-401D-8E9B-58FEE1C4E4F0}.Debug|Any CPU.ActiveCfg = Debug|Any CPU
		{513FB70B-9717-401D-8E9B-58FEE1C4E4F0}.Debug|Any CPU.Build.0 = Debug|Any CPU
		{513FB70B-9717-401D-8E9B-58FEE1C4E4F0}.Release|Any CPU.ActiveCfg = Release|Any CPU
		{513FB70B-9717-401D-8E9B-58FEE1C4E4F0}.Release|Any CPU.Build.0 = Release|Any CPU
	EndGlobalSection
	GlobalSection(SolutionProperties) = preSolution
		HideSolutionNode = FALSE
	EndGlobalSection
	GlobalSection(ExtensibilityGlobals) = postSolution
		SolutionGuid = {B667FC16-DA95-4944-AD28-E1A8C826B523}
	EndGlobalSection
EndGlobal
