
Microsoft Visual Studio Solution File, Format Version 12.00
# Visual Studio Version 16
VisualStudioVersion = 16.0.29509.3
MinimumVisualStudioVersion = 10.0.40219.1
Project("{FAE04EC0-301F-11D3-BF4B-00C04F79EFBC}") = "BinaryToDecimal", "BinaryToDecimal\BinaryToDecimal.csproj", "{146244FD-F78A-483A-A157-B7B4DAC0620B}"
EndProject
Global
	GlobalSection(SolutionConfigurationPlatforms) = preSolution
		Debug|Any CPU = Debug|Any CPU
		Release|Any CPU = Release|Any CPU
	EndGlobalSection
	GlobalSection(ProjectConfigurationPlatforms) = postSolution
		{146244FD-F78A-483A-A157-B7B4DAC0620B}.Debug|Any CPU.ActiveCfg = Debug|Any CPU
		{146244FD-F78A-483A-A157-B7B4DAC0620B}.Debug|Any CPU.Build.0 = Debug|Any CPU
		{146244FD-F78A-483A-A157-B7B4DAC0620B}.Release|Any CPU.ActiveCfg = Release|Any CPU
		{146244FD-F78A-483A-A157-B7B4DAC0620B}.Release|Any CPU.Build.0 = Release|Any CPU
	EndGlobalSection
	GlobalSection(SolutionProperties) = preSolution
		HideSolutionNode = FALSE
	EndGlobalSection
	GlobalSection(ExtensibilityGlobals) = postSolution
		SolutionGuid = {F7DB0C5A-3DF6-4D92-AF37-E013C888B3B4}
	EndGlobalSection
EndGlobal
